
Microsoft Visual Studio Solution File, Format Version 12.00
# Visual Studio 14
VisualStudioVersion = 14.0.25420.1
MinimumVisualStudioVersion = 10.0.40219.1
Project("{FAE04EC0-301F-11D3-BF4B-00C04F79EFBC}") = "CalibreReadingLists", "CalibreReadingLists\CalibreReadingLists.csproj", "{6F182007-FF2A-4F59-84A0-97DEE7EB9379}"
EndProject
Project("{FAE04EC0-301F-11D3-BF4B-00C04F79EFBC}") = "Opds4Net", "Opds4Net\Opds4Net\Opds4Net.csproj", "{68C2BC77-F068-472E-A5BE-BF1DD47446A4}"
EndProject
Project("{FAE04EC0-301F-11D3-BF4B-00C04F79EFBC}") = "CalibreReadingLists.BackEnd", "CalibreReadingLists.BackEnd\CalibreReadingLists.BackEnd.csproj", "{14064A59-AD60-4A49-8E1B-FBEC8707F007}"
EndProject
Project("{262852C6-CD72-467D-83FE-5EEB1973A190}") = "CalibreReadingLists.Mobile", "CalibreReadingLists.Mobile\CalibreReadingLists.Mobile.jsproj", "{58CBE3DC-16F1-4A9B-BD4D-21EF9A0434A3}"
EndProject
Global
	GlobalSection(SolutionConfigurationPlatforms) = preSolution
		Debug|Android = Debug|Android
		Debug|Any CPU = Debug|Any CPU
		Debug|iOS = Debug|iOS
		Debug|Windows Phone (Universal) = Debug|Windows Phone (Universal)
		Debug|Windows Phone 8 = Debug|Windows Phone 8
		Debug|Windows-AnyCPU = Debug|Windows-AnyCPU
		Debug|Windows-ARM = Debug|Windows-ARM
		Debug|Windows-x64 = Debug|Windows-x64
		Debug|Windows-x86 = Debug|Windows-x86
		Release|Android = Release|Android
		Release|Any CPU = Release|Any CPU
		Release|iOS = Release|iOS
		Release|Windows Phone (Universal) = Release|Windows Phone (Universal)
		Release|Windows Phone 8 = Release|Windows Phone 8
		Release|Windows-AnyCPU = Release|Windows-AnyCPU
		Release|Windows-ARM = Release|Windows-ARM
		Release|Windows-x64 = Release|Windows-x64
		Release|Windows-x86 = Release|Windows-x86
	EndGlobalSection
	GlobalSection(ProjectConfigurationPlatforms) = postSolution
		{6F182007-FF2A-4F59-84A0-97DEE7EB9379}.Debug|Android.ActiveCfg = Debug|Any CPU
		{6F182007-FF2A-4F59-84A0-97DEE7EB9379}.Debug|Android.Build.0 = Debug|Any CPU
		{6F182007-FF2A-4F59-84A0-97DEE7EB9379}.Debug|Any CPU.ActiveCfg = Debug|Any CPU
		{6F182007-FF2A-4F59-84A0-97DEE7EB9379}.Debug|Any CPU.Build.0 = Debug|Any CPU
		{6F182007-FF2A-4F59-84A0-97DEE7EB9379}.Debug|iOS.ActiveCfg = Debug|Any CPU
		{6F182007-FF2A-4F59-84A0-97DEE7EB9379}.Debug|iOS.Build.0 = Debug|Any CPU
		{6F182007-FF2A-4F59-84A0-97DEE7EB9379}.Debug|Windows Phone (Universal).ActiveCfg = Debug|Any CPU
		{6F182007-FF2A-4F59-84A0-97DEE7EB9379}.Debug|Windows Phone (Universal).Build.0 = Debug|Any CPU
		{6F182007-FF2A-4F59-84A0-97DEE7EB9379}.Debug|Windows Phone 8.ActiveCfg = Debug|Any CPU
		{6F182007-FF2A-4F59-84A0-97DEE7EB9379}.Debug|Windows Phone 8.Build.0 = Debug|Any CPU
		{6F182007-FF2A-4F59-84A0-97DEE7EB9379}.Debug|Windows-AnyCPU.ActiveCfg = Debug|Any CPU
		{6F182007-FF2A-4F59-84A0-97DEE7EB9379}.Debug|Windows-AnyCPU.Build.0 = Debug|Any CPU
		{6F182007-FF2A-4F59-84A0-97DEE7EB9379}.Debug|Windows-ARM.ActiveCfg = Debug|Any CPU
		{6F182007-FF2A-4F59-84A0-97DEE7EB9379}.Debug|Windows-ARM.Build.0 = Debug|Any CPU
		{6F182007-FF2A-4F59-84A0-97DEE7EB9379}.Debug|Windows-x64.ActiveCfg = Debug|Any CPU
		{6F182007-FF2A-4F59-84A0-97DEE7EB9379}.Debug|Windows-x64.Build.0 = Debug|Any CPU
		{6F182007-FF2A-4F59-84A0-97DEE7EB9379}.Debug|Windows-x86.ActiveCfg = Debug|Any CPU
		{6F182007-FF2A-4F59-84A0-97DEE7EB9379}.Debug|Windows-x86.Build.0 = Debug|Any CPU
		{6F182007-FF2A-4F59-84A0-97DEE7EB9379}.Release|Android.ActiveCfg = Release|Any CPU
		{6F182007-FF2A-4F59-84A0-97DEE7EB9379}.Release|Android.Build.0 = Release|Any CPU
		{6F182007-FF2A-4F59-84A0-97DEE7EB9379}.Release|Any CPU.ActiveCfg = Release|Any CPU
		{6F182007-FF2A-4F59-84A0-97DEE7EB9379}.Release|Any CPU.Build.0 = Release|Any CPU
		{6F182007-FF2A-4F59-84A0-97DEE7EB9379}.Release|iOS.ActiveCfg = Release|Any CPU
		{6F182007-FF2A-4F59-84A0-97DEE7EB9379}.Release|iOS.Build.0 = Release|Any CPU
		{6F182007-FF2A-4F59-84A0-97DEE7EB9379}.Release|Windows Phone (Universal).ActiveCfg = Release|Any CPU
		{6F182007-FF2A-4F59-84A0-97DEE7EB9379}.Release|Windows Phone (Universal).Build.0 = Release|Any CPU
		{6F182007-FF2A-4F59-84A0-97DEE7EB9379}.Release|Windows Phone 8.ActiveCfg = Release|Any CPU
		{6F182007-FF2A-4F59-84A0-97DEE7EB9379}.Release|Windows Phone 8.Build.0 = Release|Any CPU
		{6F182007-FF2A-4F59-84A0-97DEE7EB9379}.Release|Windows-AnyCPU.ActiveCfg = Release|Any CPU
		{6F182007-FF2A-4F59-84A0-97DEE7EB9379}.Release|Windows-AnyCPU.Build.0 = Release|Any CPU
		{6F182007-FF2A-4F59-84A0-97DEE7EB9379}.Release|Windows-ARM.ActiveCfg = Release|Any CPU
		{6F182007-FF2A-4F59-84A0-97DEE7EB9379}.Release|Windows-ARM.Build.0 = Release|Any CPU
		{6F182007-FF2A-4F59-84A0-97DEE7EB9379}.Release|Windows-x64.ActiveCfg = Release|Any CPU
		{6F182007-FF2A-4F59-84A0-97DEE7EB9379}.Release|Windows-x64.Build.0 = Release|Any CPU
		{6F182007-FF2A-4F59-84A0-97DEE7EB9379}.Release|Windows-x86.ActiveCfg = Release|Any CPU
		{6F182007-FF2A-4F59-84A0-97DEE7EB9379}.Release|Windows-x86.Build.0 = Release|Any CPU
		{68C2BC77-F068-472E-A5BE-BF1DD47446A4}.Debug|Android.ActiveCfg = Debug|Any CPU
		{68C2BC77-F068-472E-A5BE-BF1DD47446A4}.Debug|Android.Build.0 = Debug|Any CPU
		{68C2BC77-F068-472E-A5BE-BF1DD47446A4}.Debug|Any CPU.ActiveCfg = Debug|Any CPU
		{68C2BC77-F068-472E-A5BE-BF1DD47446A4}.Debug|Any CPU.Build.0 = Debug|Any CPU
		{68C2BC77-F068-472E-A5BE-BF1DD47446A4}.Debug|iOS.ActiveCfg = Debug|Any CPU
		{68C2BC77-F068-472E-A5BE-BF1DD47446A4}.Debug|iOS.Build.0 = Debug|Any CPU
		{68C2BC77-F068-472E-A5BE-BF1DD47446A4}.Debug|Windows Phone (Universal).ActiveCfg = Debug|Any CPU
		{68C2BC77-F068-472E-A5BE-BF1DD47446A4}.Debug|Windows Phone (Universal).Build.0 = Debug|Any CPU
		{68C2BC77-F068-472E-A5BE-BF1DD47446A4}.Debug|Windows Phone 8.ActiveCfg = Debug|Any CPU
		{68C2BC77-F068-472E-A5BE-BF1DD47446A4}.Debug|Windows Phone 8.Build.0 = Debug|Any CPU
		{68C2BC77-F068-472E-A5BE-BF1DD47446A4}.Debug|Windows-AnyCPU.ActiveCfg = Debug|Any CPU
		{68C2BC77-F068-472E-A5BE-BF1DD47446A4}.Debug|Windows-AnyCPU.Build.0 = Debug|Any CPU
		{68C2BC77-F068-472E-A5BE-BF1DD47446A4}.Debug|Windows-ARM.ActiveCfg = Debug|Any CPU
		{68C2BC77-F068-472E-A5BE-BF1DD47446A4}.Debug|Windows-ARM.Build.0 = Debug|Any CPU
		{68C2BC77-F068-472E-A5BE-BF1DD47446A4}.Debug|Windows-x64.ActiveCfg = Debug|Any CPU
		{68C2BC77-F068-472E-A5BE-BF1DD47446A4}.Debug|Windows-x64.Build.0 = Debug|Any CPU
		{68C2BC77-F068-472E-A5BE-BF1DD47446A4}.Debug|Windows-x86.ActiveCfg = Debug|Any CPU
		{68C2BC77-F068-472E-A5BE-BF1DD47446A4}.Debug|Windows-x86.Build.0 = Debug|Any CPU
		{68C2BC77-F068-472E-A5BE-BF1DD47446A4}.Release|Android.ActiveCfg = Release|Any CPU
		{68C2BC77-F068-472E-A5BE-BF1DD47446A4}.Release|Android.Build.0 = Release|Any CPU
		{68C2BC77-F068-472E-A5BE-BF1DD47446A4}.Release|Any CPU.ActiveCfg = Release|Any CPU
		{68C2BC77-F068-472E-A5BE-BF1DD47446A4}.Release|Any CPU.Build.0 = Release|Any CPU
		{68C2BC77-F068-472E-A5BE-BF1DD47446A4}.Release|iOS.ActiveCfg = Release|Any CPU
		{68C2BC77-F068-472E-A5BE-BF1DD47446A4}.Release|iOS.Build.0 = Release|Any CPU
		{68C2BC77-F068-472E-A5BE-BF1DD47446A4}.Release|Windows Phone (Universal).ActiveCfg = Release|Any CPU
		{68C2BC77-F068-472E-A5BE-BF1DD47446A4}.Release|Windows Phone (Universal).Build.0 = Release|Any CPU
		{68C2BC77-F068-472E-A5BE-BF1DD47446A4}.Release|Windows Phone 8.ActiveCfg = Release|Any CPU
		{68C2BC77-F068-472E-A5BE-BF1DD47446A4}.Release|Windows Phone 8.Build.0 = Release|Any CPU
		{68C2BC77-F068-472E-A5BE-BF1DD47446A4}.Release|Windows-AnyCPU.ActiveCfg = Release|Any CPU
		{68C2BC77-F068-472E-A5BE-BF1DD47446A4}.Release|Windows-AnyCPU.Build.0 = Release|Any CPU
		{68C2BC77-F068-472E-A5BE-BF1DD47446A4}.Release|Windows-ARM.ActiveCfg = Release|Any CPU
		{68C2BC77-F068-472E-A5BE-BF1DD47446A4}.Release|Windows-ARM.Build.0 = Release|Any CPU
		{68C2BC77-F068-472E-A5BE-BF1DD47446A4}.Release|Windows-x64.ActiveCfg = Release|Any CPU
		{68C2BC77-F068-472E-A5BE-BF1DD47446A4}.Release|Windows-x64.Build.0 = Release|Any CPU
		{68C2BC77-F068-472E-A5BE-BF1DD47446A4}.Release|Windows-x86.ActiveCfg = Release|Any CPU
		{68C2BC77-F068-472E-A5BE-BF1DD47446A4}.Release|Windows-x86.Build.0 = Release|Any CPU
		{14064A59-AD60-4A49-8E1B-FBEC8707F007}.Debug|Android.ActiveCfg = Debug|Any CPU
		{14064A59-AD60-4A49-8E1B-FBEC8707F007}.Debug|Android.Build.0 = Debug|Any CPU
		{14064A59-AD60-4A49-8E1B-FBEC8707F007}.Debug|Any CPU.ActiveCfg = Debug|Any CPU
		{14064A59-AD60-4A49-8E1B-FBEC8707F007}.Debug|Any CPU.Build.0 = Debug|Any CPU
		{14064A59-AD60-4A49-8E1B-FBEC8707F007}.Debug|iOS.ActiveCfg = Debug|Any CPU
		{14064A59-AD60-4A49-8E1B-FBEC8707F007}.Debug|iOS.Build.0 = Debug|Any CPU
		{14064A59-AD60-4A49-8E1B-FBEC8707F007}.Debug|Windows Phone (Universal).ActiveCfg = Debug|Any CPU
		{14064A59-AD60-4A49-8E1B-FBEC8707F007}.Debug|Windows Phone (Universal).Build.0 = Debug|Any CPU
		{14064A59-AD60-4A49-8E1B-FBEC8707F007}.Debug|Windows Phone 8.ActiveCfg = Debug|Any CPU
		{14064A59-AD60-4A49-8E1B-FBEC8707F007}.Debug|Windows Phone 8.Build.0 = Debug|Any CPU
		{14064A59-AD60-4A49-8E1B-FBEC8707F007}.Debug|Windows-AnyCPU.ActiveCfg = Debug|Any CPU
		{14064A59-AD60-4A49-8E1B-FBEC8707F007}.Debug|Windows-AnyCPU.Build.0 = Debug|Any CPU
		{14064A59-AD60-4A49-8E1B-FBEC8707F007}.Debug|Windows-ARM.ActiveCfg = Debug|Any CPU
		{14064A59-AD60-4A49-8E1B-FBEC8707F007}.Debug|Windows-ARM.Build.0 = Debug|Any CPU
		{14064A59-AD60-4A49-8E1B-FBEC8707F007}.Debug|Windows-x64.ActiveCfg = Debug|Any CPU
		{14064A59-AD60-4A49-8E1B-FBEC8707F007}.Debug|Windows-x64.Build.0 = Debug|Any CPU
		{14064A59-AD60-4A49-8E1B-FBEC8707F007}.Debug|Windows-x86.ActiveCfg = Debug|Any CPU
		{14064A59-AD60-4A49-8E1B-FBEC8707F007}.Debug|Windows-x86.Build.0 = Debug|Any CPU
		{14064A59-AD60-4A49-8E1B-FBEC8707F007}.Release|Android.ActiveCfg = Release|Any CPU
		{14064A59-AD60-4A49-8E1B-FBEC8707F007}.Release|Android.Build.0 = Release|Any CPU
		{14064A59-AD60-4A49-8E1B-FBEC8707F007}.Release|Any CPU.ActiveCfg = Release|Any CPU
		{14064A59-AD60-4A49-8E1B-FBEC8707F007}.Release|Any CPU.Build.0 = Release|Any CPU
		{14064A59-AD60-4A49-8E1B-FBEC8707F007}.Release|iOS.ActiveCfg = Release|Any CPU
		{14064A59-AD60-4A49-8E1B-FBEC8707F007}.Release|iOS.Build.0 = Release|Any CPU
		{14064A59-AD60-4A49-8E1B-FBEC8707F007}.Release|Windows Phone (Universal).ActiveCfg = Release|Any CPU
		{14064A59-AD60-4A49-8E1B-FBEC8707F007}.Release|Windows Phone (Universal).Build.0 = Release|Any CPU
		{14064A59-AD60-4A49-8E1B-FBEC8707F007}.Release|Windows Phone 8.ActiveCfg = Release|Any CPU
		{14064A59-AD60-4A49-8E1B-FBEC8707F007}.Release|Windows Phone 8.Build.0 = Release|Any CPU
		{14064A59-AD60-4A49-8E1B-FBEC8707F007}.Release|Windows-AnyCPU.ActiveCfg = Release|Any CPU
		{14064A59-AD60-4A49-8E1B-FBEC8707F007}.Release|Windows-AnyCPU.Build.0 = Release|Any CPU
		{14064A59-AD60-4A49-8E1B-FBEC8707F007}.Release|Windows-ARM.ActiveCfg = Release|Any CPU
		{14064A59-AD60-4A49-8E1B-FBEC8707F007}.Release|Windows-ARM.Build.0 = Release|Any CPU
		{14064A59-AD60-4A49-8E1B-FBEC8707F007}.Release|Windows-x64.ActiveCfg = Release|Any CPU
		{14064A59-AD60-4A49-8E1B-FBEC8707F007}.Release|Windows-x64.Build.0 = Release|Any CPU
		{14064A59-AD60-4A49-8E1B-FBEC8707F007}.Release|Windows-x86.ActiveCfg = Release|Any CPU
		{14064A59-AD60-4A49-8E1B-FBEC8707F007}.Release|Windows-x86.Build.0 = Release|Any CPU
		{58CBE3DC-16F1-4A9B-BD4D-21EF9A0434A3}.Debug|Android.ActiveCfg = Debug|Android
		{58CBE3DC-16F1-4A9B-BD4D-21EF9A0434A3}.Debug|Android.Build.0 = Debug|Android
		{58CBE3DC-16F1-4A9B-BD4D-21EF9A0434A3}.Debug|Android.Deploy.0 = Debug|Android
		{58CBE3DC-16F1-4A9B-BD4D-21EF9A0434A3}.Debug|Any CPU.ActiveCfg = Debug|Android
		{58CBE3DC-16F1-4A9B-BD4D-21EF9A0434A3}.Debug|iOS.ActiveCfg = Debug|iOS
		{58CBE3DC-16F1-4A9B-BD4D-21EF9A0434A3}.Debug|iOS.Build.0 = Debug|iOS
		{58CBE3DC-16F1-4A9B-BD4D-21EF9A0434A3}.Debug|iOS.Deploy.0 = Debug|iOS
		{58CBE3DC-16F1-4A9B-BD4D-21EF9A0434A3}.Debug|Windows Phone (Universal).ActiveCfg = Debug|Windows Phone (Universal)
		{58CBE3DC-16F1-4A9B-BD4D-21EF9A0434A3}.Debug|Windows Phone (Universal).Build.0 = Debug|Windows Phone (Universal)
		{58CBE3DC-16F1-4A9B-BD4D-21EF9A0434A3}.Debug|Windows Phone (Universal).Deploy.0 = Debug|Windows Phone (Universal)
		{58CBE3DC-16F1-4A9B-BD4D-21EF9A0434A3}.Debug|Windows Phone 8.ActiveCfg = Debug|Windows Phone 8
		{58CBE3DC-16F1-4A9B-BD4D-21EF9A0434A3}.Debug|Windows Phone 8.Build.0 = Debug|Windows Phone 8
		{58CBE3DC-16F1-4A9B-BD4D-21EF9A0434A3}.Debug|Windows Phone 8.Deploy.0 = Debug|Windows Phone 8
		{58CBE3DC-16F1-4A9B-BD4D-21EF9A0434A3}.Debug|Windows-AnyCPU.ActiveCfg = Debug|Windows-AnyCPU
		{58CBE3DC-16F1-4A9B-BD4D-21EF9A0434A3}.Debug|Windows-AnyCPU.Build.0 = Debug|Windows-AnyCPU
		{58CBE3DC-16F1-4A9B-BD4D-21EF9A0434A3}.Debug|Windows-AnyCPU.Deploy.0 = Debug|Windows-AnyCPU
		{58CBE3DC-16F1-4A9B-BD4D-21EF9A0434A3}.Debug|Windows-ARM.ActiveCfg = Debug|Windows-ARM
		{58CBE3DC-16F1-4A9B-BD4D-21EF9A0434A3}.Debug|Windows-ARM.Build.0 = Debug|Windows-ARM
		{58CBE3DC-16F1-4A9B-BD4D-21EF9A0434A3}.Debug|Windows-ARM.Deploy.0 = Debug|Windows-ARM
		{58CBE3DC-16F1-4A9B-BD4D-21EF9A0434A3}.Debug|Windows-x64.ActiveCfg = Debug|Windows-x64
		{58CBE3DC-16F1-4A9B-BD4D-21EF9A0434A3}.Debug|Windows-x64.Build.0 = Debug|Windows-x64
		{58CBE3DC-16F1-4A9B-BD4D-21EF9A0434A3}.Debug|Windows-x64.Deploy.0 = Debug|Windows-x64
		{58CBE3DC-16F1-4A9B-BD4D-21EF9A0434A3}.Debug|Windows-x86.ActiveCfg = Debug|Windows-x86
		{58CBE3DC-16F1-4A9B-BD4D-21EF9A0434A3}.Debug|Windows-x86.Build.0 = Debug|Windows-x86
		{58CBE3DC-16F1-4A9B-BD4D-21EF9A0434A3}.Debug|Windows-x86.Deploy.0 = Debug|Windows-x86
		{58CBE3DC-16F1-4A9B-BD4D-21EF9A0434A3}.Release|Android.ActiveCfg = Release|Android
		{58CBE3DC-16F1-4A9B-BD4D-21EF9A0434A3}.Release|Android.Build.0 = Release|Android
		{58CBE3DC-16F1-4A9B-BD4D-21EF9A0434A3}.Release|Android.Deploy.0 = Release|Android
		{58CBE3DC-16F1-4A9B-BD4D-21EF9A0434A3}.Release|Any CPU.ActiveCfg = Release|Android
		{58CBE3DC-16F1-4A9B-BD4D-21EF9A0434A3}.Release|iOS.ActiveCfg = Release|iOS
		{58CBE3DC-16F1-4A9B-BD4D-21EF9A0434A3}.Release|iOS.Build.0 = Release|iOS
		{58CBE3DC-16F1-4A9B-BD4D-21EF9A0434A3}.Release|iOS.Deploy.0 = Release|iOS
		{58CBE3DC-16F1-4A9B-BD4D-21EF9A0434A3}.Release|Windows Phone (Universal).ActiveCfg = Release|Windows Phone (Universal)
		{58CBE3DC-16F1-4A9B-BD4D-21EF9A0434A3}.Release|Windows Phone (Universal).Build.0 = Release|Windows Phone (Universal)
		{58CBE3DC-16F1-4A9B-BD4D-21EF9A0434A3}.Release|Windows Phone (Universal).Deploy.0 = Release|Windows Phone (Universal)
		{58CBE3DC-16F1-4A9B-BD4D-21EF9A0434A3}.Release|Windows Phone 8.ActiveCfg = Release|Windows Phone 8
		{58CBE3DC-16F1-4A9B-BD4D-21EF9A0434A3}.Release|Windows Phone 8.Build.0 = Release|Windows Phone 8
		{58CBE3DC-16F1-4A9B-BD4D-21EF9A0434A3}.Release|Windows Phone 8.Deploy.0 = Release|Windows Phone 8
		{58CBE3DC-16F1-4A9B-BD4D-21EF9A0434A3}.Release|Windows-AnyCPU.ActiveCfg = Release|Windows-AnyCPU
		{58CBE3DC-16F1-4A9B-BD4D-21EF9A0434A3}.Release|Windows-AnyCPU.Build.0 = Release|Windows-AnyCPU
		{58CBE3DC-16F1-4A9B-BD4D-21EF9A0434A3}.Release|Windows-AnyCPU.Deploy.0 = Release|Windows-AnyCPU
		{58CBE3DC-16F1-4A9B-BD4D-21EF9A0434A3}.Release|Windows-ARM.ActiveCfg = Release|Windows-ARM
		{58CBE3DC-16F1-4A9B-BD4D-21EF9A0434A3}.Release|Windows-ARM.Build.0 = Release|Windows-ARM
		{58CBE3DC-16F1-4A9B-BD4D-21EF9A0434A3}.Release|Windows-ARM.Deploy.0 = Release|Windows-ARM
		{58CBE3DC-16F1-4A9B-BD4D-21EF9A0434A3}.Release|Windows-x64.ActiveCfg = Release|Windows-x64
		{58CBE3DC-16F1-4A9B-BD4D-21EF9A0434A3}.Release|Windows-x64.Build.0 = Release|Windows-x64
		{58CBE3DC-16F1-4A9B-BD4D-21EF9A0434A3}.Release|Windows-x64.Deploy.0 = Release|Windows-x64
		{58CBE3DC-16F1-4A9B-BD4D-21EF9A0434A3}.Release|Windows-x86.ActiveCfg = Release|Windows-x86
		{58CBE3DC-16F1-4A9B-BD4D-21EF9A0434A3}.Release|Windows-x86.Build.0 = Release|Windows-x86
		{58CBE3DC-16F1-4A9B-BD4D-21EF9A0434A3}.Release|Windows-x86.Deploy.0 = Release|Windows-x86
	EndGlobalSection
	GlobalSection(SolutionProperties) = preSolution
		HideSolutionNode = FALSE
	EndGlobalSection
EndGlobal
